
Microsoft Visual Studio Solution File, Format Version 12.00
# Visual Studio 2017
Project("{FAE04EC0-301F-11D3-BF4B-00C04F79EFBC}") = "STALK", "STALK.csproj", "{968A9A84-BCCD-4C21-8D06-E447B8E006D7}"
EndProject
Project("{FAE04EC0-301F-11D3-BF4B-00C04F79EFBC}") = "STALK.Editor", "STALK.Editor.csproj", "{716957A7-9AC9-2BFB-C4A0-6EE6DD50349D}"
EndProject
Global
	GlobalSection(SolutionConfigurationPlatforms) = preSolution
		Debug|Any CPU = Debug|Any CPU
		Release|Any CPU = Release|Any CPU
	EndGlobalSection
	GlobalSection(ProjectConfigurationPlatforms) = postSolution
		{968A9A84-BCCD-4C21-8D06-E447B8E006D7}.Debug|Any CPU.ActiveCfg = Debug|Any CPU
		{968A9A84-BCCD-4C21-8D06-E447B8E006D7}.Debug|Any CPU.Build.0 = Debug|Any CPU
		{968A9A84-BCCD-4C21-8D06-E447B8E006D7}.Release|Any CPU.ActiveCfg = Release|Any CPU
		{968A9A84-BCCD-4C21-8D06-E447B8E006D7}.Release|Any CPU.Build.0 = Release|Any CPU
		{716957A7-9AC9-2BFB-C4A0-6EE6DD50349D}.Debug|Any CPU.ActiveCfg = Debug|Any CPU
		{716957A7-9AC9-2BFB-C4A0-6EE6DD50349D}.Debug|Any CPU.Build.0 = Debug|Any CPU
		{716957A7-9AC9-2BFB-C4A0-6EE6DD50349D}.Release|Any CPU.ActiveCfg = Release|Any CPU
		{716957A7-9AC9-2BFB-C4A0-6EE6DD50349D}.Release|Any CPU.Build.0 = Release|Any CPU
	EndGlobalSection
	GlobalSection(SolutionProperties) = preSolution
		HideSolutionNode = FALSE
	EndGlobalSection
EndGlobal
